
Microsoft Visual Studio Solution File, Format Version 12.00
# Visual Studio 14
VisualStudioVersion = 14.0.25420.1
MinimumVisualStudioVersion = 10.0.40219.1
Project("{FAE04EC0-301F-11D3-BF4B-00C04F79EFBC}") = "ButtonInputAction", "ButtonInputAction\ButtonInputAction.csproj", "{49D59981-2700-49D5-940F-C0EE3992694E}"
EndProject
Global
	GlobalSection(SolutionConfigurationPlatforms) = preSolution
		Ad-Hoc|iPhone = Ad-Hoc|iPhone
		Ad-Hoc|iPhoneSimulator = Ad-Hoc|iPhoneSimulator
		AppStore|iPhone = AppStore|iPhone
		AppStore|iPhoneSimulator = AppStore|iPhoneSimulator
		Debug|iPhone = Debug|iPhone
		Debug|iPhoneSimulator = Debug|iPhoneSimulator
		Release|iPhone = Release|iPhone
		Release|iPhoneSimulator = Release|iPhoneSimulator
	EndGlobalSection
	GlobalSection(ProjectConfigurationPlatforms) = postSolution
		{49D59981-2700-49D5-940F-C0EE3992694E}.Ad-Hoc|iPhone.ActiveCfg = Ad-Hoc|iPhone
		{49D59981-2700-49D5-940F-C0EE3992694E}.Ad-Hoc|iPhone.Build.0 = Ad-Hoc|iPhone
		{49D59981-2700-49D5-940F-C0EE3992694E}.Ad-Hoc|iPhoneSimulator.ActiveCfg = Ad-Hoc|iPhoneSimulator
		{49D59981-2700-49D5-940F-C0EE3992694E}.Ad-Hoc|iPhoneSimulator.Build.0 = Ad-Hoc|iPhoneSimulator
		{49D59981-2700-49D5-940F-C0EE3992694E}.AppStore|iPhone.ActiveCfg = AppStore|iPhone
		{49D59981-2700-49D5-940F-C0EE3992694E}.AppStore|iPhone.Build.0 = AppStore|iPhone
		{49D59981-2700-49D5-940F-C0EE3992694E}.AppStore|iPhoneSimulator.ActiveCfg = AppStore|iPhoneSimulator
		{49D59981-2700-49D5-940F-C0EE3992694E}.AppStore|iPhoneSimulator.Build.0 = AppStore|iPhoneSimulator
		{49D59981-2700-49D5-940F-C0EE3992694E}.Debug|iPhone.ActiveCfg = Debug|iPhone
		{49D59981-2700-49D5-940F-C0EE3992694E}.Debug|iPhone.Build.0 = Debug|iPhone
		{49D59981-2700-49D5-940F-C0EE3992694E}.Debug|iPhoneSimulator.ActiveCfg = Debug|iPhoneSimulator
		{49D59981-2700-49D5-940F-C0EE3992694E}.Debug|iPhoneSimulator.Build.0 = Debug|iPhoneSimulator
		{49D59981-2700-49D5-940F-C0EE3992694E}.Release|iPhone.ActiveCfg = Release|iPhone
		{49D59981-2700-49D5-940F-C0EE3992694E}.Release|iPhone.Build.0 = Release|iPhone
		{49D59981-2700-49D5-940F-C0EE3992694E}.Release|iPhoneSimulator.ActiveCfg = Release|iPhoneSimulator
		{49D59981-2700-49D5-940F-C0EE3992694E}.Release|iPhoneSimulator.Build.0 = Release|iPhoneSimulator
	EndGlobalSection
	GlobalSection(SolutionProperties) = preSolution
		HideSolutionNode = FALSE
	EndGlobalSection
EndGlobal
